
Microsoft Visual Studio Solution File, Format Version 12.00
# Visual Studio Version 17
VisualStudioVersion = 17.3.32819.101
MinimumVisualStudioVersion = 10.0.40219.1
Project("{2150E333-8FDC-42A3-9474-1A3956D46DE8}") = "BridgeDesingPattern", "BridgeDesingPattern", "{929EB616-AC6B-48AA-AC19-EEDAF817F97A}"
EndProject
Project("{FAE04EC0-301F-11D3-BF4B-00C04F79EFBC}") = "HEG.BridgeDesignPattern.Structural", "HEG.BridgeDesignPattern.Structural\HEG.BridgeDesignPattern.Structural.csproj", "{06ECEC4C-7DB8-491E-B0A0-AB5166F91FC1}"
EndProject
Project("{FAE04EC0-301F-11D3-BF4B-00C04F79EFBC}") = "HEG.BridgeDesignPattern.RealWorld", "HEG.BridgeDesignPattern.RealWorld\HEG.BridgeDesignPattern.RealWorld.csproj", "{5C39F17D-2EF9-4075-A6B2-1B4C39BE87CC}"
EndProject
Global
	GlobalSection(SolutionConfigurationPlatforms) = preSolution
		Debug|Any CPU = Debug|Any CPU
		Release|Any CPU = Release|Any CPU
	EndGlobalSection
	GlobalSection(ProjectConfigurationPlatforms) = postSolution
		{06ECEC4C-7DB8-491E-B0A0-AB5166F91FC1}.Debug|Any CPU.ActiveCfg = Debug|Any CPU
		{06ECEC4C-7DB8-491E-B0A0-AB5166F91FC1}.Debug|Any CPU.Build.0 = Debug|Any CPU
		{06ECEC4C-7DB8-491E-B0A0-AB5166F91FC1}.Release|Any CPU.ActiveCfg = Release|Any CPU
		{06ECEC4C-7DB8-491E-B0A0-AB5166F91FC1}.Release|Any CPU.Build.0 = Release|Any CPU
		{5C39F17D-2EF9-4075-A6B2-1B4C39BE87CC}.Debug|Any CPU.ActiveCfg = Debug|Any CPU
		{5C39F17D-2EF9-4075-A6B2-1B4C39BE87CC}.Debug|Any CPU.Build.0 = Debug|Any CPU
		{5C39F17D-2EF9-4075-A6B2-1B4C39BE87CC}.Release|Any CPU.ActiveCfg = Release|Any CPU
		{5C39F17D-2EF9-4075-A6B2-1B4C39BE87CC}.Release|Any CPU.Build.0 = Release|Any CPU
	EndGlobalSection
	GlobalSection(SolutionProperties) = preSolution
		HideSolutionNode = FALSE
	EndGlobalSection
	GlobalSection(NestedProjects) = preSolution
		{06ECEC4C-7DB8-491E-B0A0-AB5166F91FC1} = {929EB616-AC6B-48AA-AC19-EEDAF817F97A}
		{5C39F17D-2EF9-4075-A6B2-1B4C39BE87CC} = {929EB616-AC6B-48AA-AC19-EEDAF817F97A}
	EndGlobalSection
	GlobalSection(ExtensibilityGlobals) = postSolution
		SolutionGuid = {9D256E4F-FA69-49FF-B97E-F3A2F5BFEABD}
	EndGlobalSection
EndGlobal
